{
    "_readme": [
        "This file locks the dependencies of your project to a known state",
        "Read more about it at https://getcomposer.org/doc/01-basic-usage.md#installing-dependencies",
        "This file is @generated automatically"
    ],
    "content-hash": "bc7cce586d10522e33a68c16496b1f7a",
    "packages": [
        {
            "name": "easyswoole/annotation",
            "version": "1.0.9",
            "source": {
                "type": "git",
                "url": "https://github.com/easy-swoole/annotation.git",
                "reference": "977dcddeaf3edb47076013633c57a8d2b18dfcf4"
            },
            "dist": {
                "type": "zip",
                "url": "https://api.github.com/repos/easy-swoole/annotation/zipball/977dcddeaf3edb47076013633c57a8d2b18dfcf4",
                "reference": "977dcddeaf3edb47076013633c57a8d2b18dfcf4",
                "shasum": "",
                "mirrors": [
                    {
                        "url": "https://mirrors.cloud.tencent.com/composer/dists/%package%/%reference%.%type%",
                        "preferred": true
                    }
                ]
            },
            "require": {
                "easyswoole/spl": "^1.1",
                "php": ">=7.1.0"
            },
            "require-dev": {
                "easyswoole/phpunit": "^1.0",
                "easyswoole/swoole-ide-helper": "^1.2"
            },
            "type": "library",
            "autoload": {
                "psr-4": {
                    "EasySwoole\\Annotation\\": "src/"
                }
            },
            "notification-url": "https://packagist.org/downloads/",
            "license": [
                "Apache-2.0"
            ],
            "authors": [
                {
                    "name": "YF",
                    "email": "291323003@qq.com"
                }
            ],
            "description": "easyswoole component",
            "homepage": "https://www.easyswoole.com/",
            "keywords": [
                "async",
                "easyswoole",
                "framework",
                "swoole"
            ],
            "time": "2020-03-23T06:19:47+00:00"
        },
        {
            "name": "easyswoole/parsedown",
            "version": "1.0.2",
            "source": {
                "type": "git",
                "url": "https://github.com/easy-swoole/parsedown.git",
                "reference": "ec25cae8a6196016b643315b9c0dbda01716c4f7"
            },
            "dist": {
                "type": "zip",
                "url": "https://api.github.com/repos/easy-swoole/parsedown/zipball/ec25cae8a6196016b643315b9c0dbda01716c4f7",
                "reference": "ec25cae8a6196016b643315b9c0dbda01716c4f7",
                "shasum": "",
                "mirrors": [
                    {
                        "url": "https://mirrors.cloud.tencent.com/composer/dists/%package%/%reference%.%type%",
                        "preferred": true
                    }
                ]
            },
            "require": {
                "ext-mbstring": "*",
                "php": ">=5.3.0"
            },
            "require-dev": {
                "phpunit/phpunit": "^4.8.35"
            },
            "type": "library",
            "autoload": {
                "psr-4": {
                    "EasySwoole\\ParserDown\\": "src/"
                }
            },
            "notification-url": "https://packagist.org/downloads/",
            "time": "2020-02-28T03:04:13+00:00"
        },
        {
            "name": "easyswoole/spl",
            "version": "1.3.6",
            "source": {
                "type": "git",
                "url": "https://github.com/easy-swoole/spl.git",
                "reference": "5096a43529558063084c8d74ef77bb58cf6be473"
            },
            "dist": {
                "type": "zip",
                "url": "https://api.github.com/repos/easy-swoole/spl/zipball/5096a43529558063084c8d74ef77bb58cf6be473",
                "reference": "5096a43529558063084c8d74ef77bb58cf6be473",
                "shasum": "",
                "mirrors": [
                    {
                        "url": "https://mirrors.cloud.tencent.com/composer/dists/%package%/%reference%.%type%",
                        "preferred": true
                    }
                ]
            },
            "require": {
                "ext-json": "*",
                "php": ">=7.1.0"
            },
            "require-dev": {
                "easyswoole/phpunit": "^1.0",
                "easyswoole/swoole-ide-helper": "^1.0"
            },
            "type": "library",
            "autoload": {
                "psr-4": {
                    "EasySwoole\\Spl\\": "src/",
                    "EasySwoole\\Spl\\Test\\": "test/"
                }
            },
            "notification-url": "https://packagist.org/downloads/",
            "license": [
                "Apache-2.0"
            ],
            "authors": [
                {
                    "name": "YF",
                    "email": "291323003@qq.com"
                }
            ],
            "description": "php stander lib",
            "homepage": "https://www.easyswoole.com/",
            "keywords": [
                "async",
                "easyswoole",
                "framework",
                "swoole"
            ],
            "time": "2020-03-19T08:27:02+00:00"
        },
        {
            "name": "easyswoole/utility",
            "version": "1.1.2",
            "source": {
                "type": "git",
                "url": "https://github.com/easy-swoole/utility.git",
                "reference": "585252be9ed0cdfd8badbddb7df60edce794daf0"
            },
            "dist": {
                "type": "zip",
                "url": "https://api.github.com/repos/easy-swoole/utility/zipball/585252be9ed0cdfd8badbddb7df60edce794daf0",
                "reference": "585252be9ed0cdfd8badbddb7df60edce794daf0",
                "shasum": "",
                "mirrors": [
                    {
                        "url": "https://mirrors.cloud.tencent.com/composer/dists/%package%/%reference%.%type%",
                        "preferred": true
                    }
                ]
            },
            "require": {
                "ext-json": "*",
                "ext-openssl": "*",
                "php": ">=7.1.0"
            },
            "type": "library",
            "autoload": {
                "psr-4": {
                    "EasySwoole\\Utility\\": "src/"
                }
            },
            "notification-url": "https://packagist.org/downloads/",
            "license": [
                "Apache-2.0"
            ],
            "authors": [
                {
                    "name": "evalor",
                    "email": "mipone@foxmail.com"
                }
            ],
            "description": "easyswoole extension tool library",
            "time": "2019-09-19T03:02:37+00:00"
        }
    ],
    "packages-dev": [],
    "aliases": [],
    "minimum-stability": "dev",
    "stability-flags": [],
    "prefer-stable": false,
    "prefer-lowest": false,
    "platform": [],
    "platform-dev": []
}
